
Microsoft Visual Studio Solution File, Format Version 12.00
# Visual Studio 15
VisualStudioVersion = 15.0.27428.2015
MinimumVisualStudioVersion = 10.0.40219.1
Project("{9A19103F-16F7-4668-BE54-9A1E7A4F7556}") = "Hang.TencentSDK.WeiXin.Work", "Hang.TencentSDK.WeiXin.Work\Hang.TencentSDK.WeiXin.Work.csproj", "{1B441075-5636-4D98-8133-1B8F319B1946}"
EndProject
Project("{FAE04EC0-301F-11D3-BF4B-00C04F79EFBC}") = "Hang.TencentSDK.WeiXin.MP", "Hang.TencentSDK.WeiXin.MP\Hang.TencentSDK.WeiXin.MP.csproj", "{3CB38EEC-7FE3-4F90-AFAC-EDA6E0F80890}"
EndProject
Global
	GlobalSection(SolutionConfigurationPlatforms) = preSolution
		Debug|Any CPU = Debug|Any CPU
		Release|Any CPU = Release|Any CPU
	EndGlobalSection
	GlobalSection(ProjectConfigurationPlatforms) = postSolution
		{1B441075-5636-4D98-8133-1B8F319B1946}.Debug|Any CPU.ActiveCfg = Debug|Any CPU
		{1B441075-5636-4D98-8133-1B8F319B1946}.Debug|Any CPU.Build.0 = Debug|Any CPU
		{1B441075-5636-4D98-8133-1B8F319B1946}.Release|Any CPU.ActiveCfg = Release|Any CPU
		{1B441075-5636-4D98-8133-1B8F319B1946}.Release|Any CPU.Build.0 = Release|Any CPU
		{3CB38EEC-7FE3-4F90-AFAC-EDA6E0F80890}.Debug|Any CPU.ActiveCfg = Debug|Any CPU
		{3CB38EEC-7FE3-4F90-AFAC-EDA6E0F80890}.Debug|Any CPU.Build.0 = Debug|Any CPU
		{3CB38EEC-7FE3-4F90-AFAC-EDA6E0F80890}.Release|Any CPU.ActiveCfg = Release|Any CPU
		{3CB38EEC-7FE3-4F90-AFAC-EDA6E0F80890}.Release|Any CPU.Build.0 = Release|Any CPU
	EndGlobalSection
	GlobalSection(SolutionProperties) = preSolution
		HideSolutionNode = FALSE
	EndGlobalSection
	GlobalSection(ExtensibilityGlobals) = postSolution
		SolutionGuid = {81136878-C3B1-48D1-81DB-D354503A02C3}
	EndGlobalSection
EndGlobal
